
Microsoft Visual Studio Solution File, Format Version 12.00
# Visual Studio 15
VisualStudioVersion = 15.0.28010.2041
MinimumVisualStudioVersion = 10.0.40219.1
Project("{FAE04EC0-301F-11D3-BF4B-00C04F79EFBC}") = "Lazy Execution", "Lazy Execution\Lazy Execution.csproj", "{E5EF99B4-7997-4A86-ABE1-29B6F564AA56}"
EndProject
Project("{FAE04EC0-301F-11D3-BF4B-00C04F79EFBC}") = "DeferredLoadingEnabled", "DeferredLoadingEnabled\DeferredLoadingEnabled.csproj", "{EE2A856C-9E54-4C26-B2BC-6593FBA93A70}"
EndProject
Global
	GlobalSection(SolutionConfigurationPlatforms) = preSolution
		Debug|Any CPU = Debug|Any CPU
		Release|Any CPU = Release|Any CPU
	EndGlobalSection
	GlobalSection(ProjectConfigurationPlatforms) = postSolution
		{E5EF99B4-7997-4A86-ABE1-29B6F564AA56}.Debug|Any CPU.ActiveCfg = Debug|Any CPU
		{E5EF99B4-7997-4A86-ABE1-29B6F564AA56}.Debug|Any CPU.Build.0 = Debug|Any CPU
		{E5EF99B4-7997-4A86-ABE1-29B6F564AA56}.Release|Any CPU.ActiveCfg = Release|Any CPU
		{E5EF99B4-7997-4A86-ABE1-29B6F564AA56}.Release|Any CPU.Build.0 = Release|Any CPU
		{EE2A856C-9E54-4C26-B2BC-6593FBA93A70}.Debug|Any CPU.ActiveCfg = Debug|Any CPU
		{EE2A856C-9E54-4C26-B2BC-6593FBA93A70}.Debug|Any CPU.Build.0 = Debug|Any CPU
		{EE2A856C-9E54-4C26-B2BC-6593FBA93A70}.Release|Any CPU.ActiveCfg = Release|Any CPU
		{EE2A856C-9E54-4C26-B2BC-6593FBA93A70}.Release|Any CPU.Build.0 = Release|Any CPU
	EndGlobalSection
	GlobalSection(SolutionProperties) = preSolution
		HideSolutionNode = FALSE
	EndGlobalSection
	GlobalSection(ExtensibilityGlobals) = postSolution
		SolutionGuid = {DF3E1D2E-17DA-441C-ABC7-317F9625330B}
	EndGlobalSection
EndGlobal
